// !$*UTF8*$!
{
	archiveVersion = 1;
	classes = {
	};
	objectVersion = 50;
	objects = {

/* Begin PBXBuildFile section */
		CAA6D0932209FAD200512780 /* AppDelegate.swift in Sources */ = {isa = PBXBuildFile; fileRef = CAA6D0922209FAD200512780 /* AppDelegate.swift */; };
		CAA6D0982209FAD200512780 /* Main.storyboard in Resources */ = {isa = PBXBuildFile; fileRef = CAA6D0962209FAD200512780 /* Main.storyboard */; };
		CAA6D09A2209FAD400512780 /* Assets.xcassets in Resources */ = {isa = PBXBuildFile; fileRef = CAA6D0992209FAD400512780 /* Assets.xcassets */; };
		CAA6D09D2209FAD400512780 /* LaunchScreen.storyboard in Resources */ = {isa = PBXBuildFile; fileRef = CAA6D09B2209FAD400512780 /* LaunchScreen.storyboard */; };
		CAA6D0A52209FE0800512780 /* Pokemon.swift in Sources */ = {isa = PBXBuildFile; fileRef = CAA6D0A42209FE0800512780 /* Pokemon.swift */; };
		CAA6D0A7220A000E00512780 /* PokemonController.swift in Sources */ = {isa = PBXBuildFile; fileRef = CAA6D0A6220A000E00512780 /* PokemonController.swift */; };
		CAA6D0A9220A063C00512780 /* PokemonSearchViewController.swift in Sources */ = {isa = PBXBuildFile; fileRef = CAA6D0A8220A063C00512780 /* PokemonSearchViewController.swift */; };
/* End PBXBuildFile section */

/* Begin PBXFileReference section */
		CAA6D08F2209FAD200512780 /* PokeDex 2.app */ = {isa = PBXFileReference; explicitFileType = wrapper.application; includeInIndex = 0; path = "PokeDex 2.app"; sourceTree = BUILT_PRODUCTS_DIR; };
		CAA6D0922209FAD200512780 /* AppDelegate.swift */ = {isa = PBXFileReference; lastKnownFileType = sourcecode.swift; path = AppDelegate.swift; sourceTree = "<group>"; };
		CAA6D0972209FAD200512780 /* Base */ = {isa = PBXFileReference; lastKnownFileType = file.storyboard; name = Base; path = Base.lproj/Main.storyboard; sourceTree = "<group>"; };
		CAA6D0992209FAD400512780 /* Assets.xcassets */ = {isa = PBXFileReference; lastKnownFileType = folder.assetcatalog; path = Assets.xcassets; sourceTree = "<group>"; };
		CAA6D09C2209FAD400512780 /* Base */ = {isa = PBXFileReference; lastKnownFileType = file.storyboard; name = Base; path = Base.lproj/LaunchScreen.storyboard; sourceTree = "<group>"; };
		CAA6D09E2209FAD400512780 /* Info.plist */ = {isa = PBXFileReference; lastKnownFileType = text.plist.xml; path = Info.plist; sourceTree = "<group>"; };
		CAA6D0A42209FE0800512780 /* Pokemon.swift */ = {isa = PBXFileReference; lastKnownFileType = sourcecode.swift; path = Pokemon.swift; sourceTree = "<group>"; };
		CAA6D0A6220A000E00512780 /* PokemonController.swift */ = {isa = PBXFileReference; lastKnownFileType = sourcecode.swift; path = PokemonController.swift; sourceTree = "<group>"; };
		CAA6D0A8220A063C00512780 /* PokemonSearchViewController.swift */ = {isa = PBXFileReference; lastKnownFileType = sourcecode.swift; path = PokemonSearchViewController.swift; sourceTree = "<group>"; };
/* End PBXFileReference section */

/* Begin PBXFrameworksBuildPhase section */
		CAA6D08C2209FAD200512780 /* Frameworks */ = {
			isa = PBXFrameworksBuildPhase;
			buildActionMask = 2147483647;
			files = (
			);
			runOnlyForDeploymentPostprocessing = 0;
		};
/* End PBXFrameworksBuildPhase section */

/* Begin PBXGroup section */
		CAA6D0862209FAD200512780 = {
			isa = PBXGroup;
			children = (
				CAA6D0912209FAD200512780 /* PokeDex 2 */,
				CAA6D0902209FAD200512780 /* Products */,
			);
			sourceTree = "<group>";
		};
		CAA6D0902209FAD200512780 /* Products */ = {
			isa = PBXGroup;
			children = (
				CAA6D08F2209FAD200512780 /* PokeDex 2.app */,
			);
			name = Products;
			sourceTree = "<group>";
		};
		CAA6D0912209FAD200512780 /* PokeDex 2 */ = {
			isa = PBXGroup;
			children = (
				CAA6D0922209FAD200512780 /* AppDelegate.swift */,
				CAA6D0962209FAD200512780 /* Main.storyboard */,
				CAA6D0A42209FE0800512780 /* Pokemon.swift */,
				CAA6D0A6220A000E00512780 /* PokemonController.swift */,
				CAA6D0A8220A063C00512780 /* PokemonSearchViewController.swift */,
				CAA6D0992209FAD400512780 /* Assets.xcassets */,
				CAA6D09B2209FAD400512780 /* LaunchScreen.storyboard */,
				CAA6D09E2209FAD400512780 /* Info.plist */,
			);
			path = "PokeDex 2";
			sourceTree = "<group>";
		};
/* End PBXGroup section */

/* Begin PBXNativeTarget section */
		CAA6D08E2209FAD200512780 /* PokeDex 2 */ = {
			isa = PBXNativeTarget;
			buildConfigurationList = CAA6D0A12209FAD400512780 /* Build configuration list for PBXNativeTarget "PokeDex 2" */;
			buildPhases = (
				CAA6D08B2209FAD200512780 /* Sources */,
				CAA6D08C2209FAD200512780 /* Frameworks */,
				CAA6D08D2209FAD200512780 /* Resources */,
			);
			buildRules = (
			);
			dependencies = (
			);
			name = "PokeDex 2";
			productName = "PokeDex 2";
			productReference = CAA6D08F2209FAD200512780 /* PokeDex 2.app */;
			productType = "com.apple.product-type.application";
		};
/* End PBXNativeTarget section */

/* Begin PBXProject section */
		CAA6D0872209FAD200512780 /* Project object */ = {
			isa = PBXProject;
			attributes = {
				LastSwiftUpdateCheck = 1010;
				LastUpgradeCheck = 1010;
				ORGANIZATIONNAME = "ya boy E";
				TargetAttributes = {
					CAA6D08E2209FAD200512780 = {
						CreatedOnToolsVersion = 10.1;
					};
				};
			};
			buildConfigurationList = CAA6D08A2209FAD200512780 /* Build configuration list for PBXProject "PokeDex 2" */;
			compatibilityVersion = "Xcode 9.3";
			developmentRegion = en;
			hasScannedForEncodings = 0;
			knownRegions = (
				en,
				Base,
			);
			mainGroup = CAA6D0862209FAD200512780;
			productRefGroup = CAA6D0902209FAD200512780 /* Products */;
			projectDirPath = "";
			projectRoot = "";
			targets = (
				CAA6D08E2209FAD200512780 /* PokeDex 2 */,
			);
		};
/* End PBXProject section */

/* Begin PBXResourcesBuildPhase section */
		CAA6D08D2209FAD200512780 /* Resources */ = {
			isa = PBXResourcesBuildPhase;
			buildActionMask = 2147483647;
			files = (
				CAA6D09D2209FAD400512780 /* LaunchScreen.storyboard in Resources */,
				CAA6D09A2209FAD400512780 /* Assets.xcassets in Resources */,
				CAA6D0982209FAD200512780 /* Main.storyboard in Resources */,
			);
			runOnlyForDeploymentPostprocessing = 0;
		};
/* End PBXResourcesBuildPhase section */

/* Begin PBXSourcesBuildPhase section */
		CAA6D08B2209FAD200512780 /* Sources */ = {
			isa = PBXSourcesBuildPhase;
			buildActionMask = 2147483647;
			files = (
				CAA6D0932209FAD200512780 /* AppDelegate.swift in Sources */,
				CAA6D0A52209FE0800512780 /* Pokemon.swift in Sources */,
				CAA6D0A9220A063C00512780 /* PokemonSearchViewController.swift in Sources */,
				CAA6D0A7220A000E00512780 /* PokemonController.swift in Sources */,
			);
			runOnlyForDeploymentPostprocessing = 0;
		};
/* End PBXSourcesBuildPhase section */

/* Begin PBXVariantGroup section */
		CAA6D0962209FAD200512780 /* Main.storyboard */ = {
			isa = PBXVariantGroup;
			children = (
				CAA6D0972209FAD200512780 /* Base */,
			);
			name = Main.storyboard;
			sourceTree = "<group>";
		};
		CAA6D09B2209FAD400512780 /* LaunchScreen.storyboard */ = {
			isa = PBXVariantGroup;
			children = (
				CAA6D09C2209FAD400512780 /* Base */,
			);
			name = LaunchScreen.storyboard;
			sourceTree = "<group>";
		};
/* End PBXVariantGroup section */

/* Begin XCBuildConfiguration section */
		CAA6D09F2209FAD400512780 /* Debug */ = {
			isa = XCBuildConfiguration;
			buildSettings = {
				ALWAYS_SEARCH_USER_PATHS = NO;
				CLANG_ANALYZER_NONNULL = YES;
				CLANG_ANALYZER_NUMBER_OBJECT_CONVERSION = YES_AGGRESSIVE;
				CLANG_CXX_LANGUAGE_STANDARD = "gnu++14";
				CLANG_CXX_LIBRARY = "libc++";
				CLANG_ENABLE_MODULES = YES;
				CLANG_ENABLE_OBJC_ARC = YES;
				CLANG_ENABLE_OBJC_WEAK = YES;
				CLANG_WARN_BLOCK_CAPTURE_AUTORELEASING = YES;
				CLANG_WARN_BOOL_CONVERSION = YES;
				CLANG_WARN_COMMA = YES;
				CLANG_WARN_CONSTANT_CONVERSION = YES;
				CLANG_WARN_DEPRECATED_OBJC_IMPLEMENTATIONS = YES;
				CLANG_WARN_DIRECT_OBJC_ISA_USAGE = YES_ERROR;
				CLANG_WARN_DOCUMENTATION_COMMENTS = YES;
				CLANG_WARN_EMPTY_BODY = YES;
				CLANG_WARN_ENUM_CONVERSION = YES;
				CLANG_WARN_INFINITE_RECURSION = YES;
				CLANG_WARN_INT_CONVERSION = YES;
				CLANG_WARN_NON_LITERAL_NULL_CONVERSION = YES;
				CLANG_WARN_OBJC_IMPLICIT_RETAIN_SELF = YES;
				CLANG_WARN_OBJC_LITERAL_CONVERSION = YES;
				CLANG_WARN_OBJC_ROOT_CLASS = YES_ERROR;
				CLANG_WARN_RANGE_LOOP_ANALYSIS = YES;
				CLANG_WARN_STRICT_PROTOTYPES = YES;
				CLANG_WARN_SUSPICIOUS_MOVE = YES;
				CLANG_WARN_UNGUARDED_AVAILABILITY = YES_AGGRESSIVE;
				CLANG_WARN_UNREACHABLE_CODE = YES;
				CLANG_WARN__DUPLICATE_METHOD_MATCH = YES;
				CODE_SIGN_IDENTITY = "iPhone Developer";
				COPY_PHASE_STRIP = NO;
				DEBUG_INFORMATION_FORMAT = dwarf;
				ENABLE_STRICT_OBJC_MSGSEND = YES;
				ENABLE_TESTABILITY = YES;
				GCC_C_LANGUAGE_STANDARD = gnu11;
				GCC_DYNAMIC_NO_PIC = NO;
				GCC_NO_COMMON_BLOCKS = YES;
				GCC_OPTIMIZATION_LEVEL = 0;
				GCC_PREPROCESSOR_DEFINITIONS = (
					"DEBUG=1",
					"$(inherited)",
				);
				GCC_WARN_64_TO_32_BIT_CONVERSION = YES;
				GCC_WARN_ABOUT_RETURN_TYPE = YES_ERROR;
				GCC_WARN_UNDECLARED_SELECTOR = YES;
				GCC_WARN_UNINITIALIZED_AUTOS = YES_AGGRESSIVE;
				GCC_WARN_UNUSED_FUNCTION = YES;
				GCC_WARN_UNUSED_VARIABLE = YES;
				IPHONEOS_DEPLOYMENT_TARGET = 12.1;
				MTL_ENABLE_DEBUG_INFO = INCLUDE_SOURCE;
				MTL_FAST_MATH = YES;
				ONLY_ACTIVE_ARCH = YES;
				SDKROOT = iphoneos;
				SWIFT_ACTIVE_COMPILATION_CONDITIONS = DEBUG;
				SWIFT_OPTIMIZATION_LEVEL = "-Onone";
			};
			name = Debug;
		};
		CAA6D0A02209FAD400512780 /* Release */ = {
			isa = XCBuildConfiguration;
			buildSettings = {
				ALWAYS_SEARCH_USER_PATHS = NO;
				CLANG_ANALYZER_NONNULL = YES;
				CLANG_ANALYZER_NUMBER_OBJECT_CONVERSION = YES_AGGRESSIVE;
				CLANG_CXX_LANGUAGE_STANDARD = "gnu++14";
				CLANG_CXX_LIBRARY = "libc++";
				CLANG_ENABLE_MODULES = YES;
				CLANG_ENABLE_OBJC_ARC = YES;
				CLANG_ENABLE_OBJC_WEAK = YES;
				CLANG_WARN_BLOCK_CAPTURE_AUTORELEASING = YES;
				CLANG_WARN_BOOL_CONVERSION = YES;
				CLANG_WARN_COMMA = YES;
				CLANG_WARN_CONSTANT_CONVERSION = YES;
				CLANG_WARN_DEPRECATED_OBJC_IMPLEMENTATIONS = YES;
				CLANG_WARN_DIRECT_OBJC_ISA_USAGE = YES_ERROR;
				CLANG_WARN_DOCUMENTATION_COMMENTS = YES;
				CLANG_WARN_EMPTY_BODY = YES;
				CLANG_WARN_ENUM_CONVERSION = YES;
				CLANG_WARN_INFINITE_RECURSION = YES;
				CLANG_WARN_INT_CONVERSION = YES;
				CLANG_WARN_NON_LITERAL_NULL_CONVERSION = YES;
				CLANG_WARN_OBJC_IMPLICIT_RETAIN_SELF = YES;
				CLANG_WARN_OBJC_LITERAL_CONVERSION = YES;
				CLANG_WARN_OBJC_ROOT_CLASS = YES_ERROR;
				CLANG_WARN_RANGE_LOOP_ANALYSIS = YES;
				CLANG_WARN_STRICT_PROTOTYPES = YES;
				CLANG_WARN_SUSPICIOUS_MOVE = YES;
				CLANG_WARN_UNGUARDED_AVAILABILITY = YES_AGGRESSIVE;
				CLANG_WARN_UNREACHABLE_CODE = YES;
				CLANG_WARN__DUPLICATE_METHOD_MATCH = YES;
				CODE_SIGN_IDENTITY = "iPhone Developer";
				COPY_PHASE_STRIP = NO;
				DEBUG_INFORMATION_FORMAT = "dwarf-with-dsym";
				ENABLE_NS_ASSERTIONS = NO;
				ENABLE_STRICT_OBJC_MSGSEND = YES;
				GCC_C_LANGUAGE_STANDARD = gnu11;
				GCC_NO_COMMON_BLOCKS = YES;
				GCC_WARN_64_TO_32_BIT_CONVERSION = YES;
				GCC_WARN_ABOUT_RETURN_TYPE = YES_ERROR;
				GCC_WARN_UNDECLARED_SELECTOR = YES;
				GCC_WARN_UNINITIALIZED_AUTOS = YES_AGGRESSIVE;
				GCC_WARN_UNUSED_FUNCTION = YES;
				GCC_WARN_UNUSED_VARIABLE = YES;
				IPHONEOS_DEPLOYMENT_TARGET = 12.1;
				MTL_ENABLE_DEBUG_INFO = NO;
				MTL_FAST_MATH = YES;
				SDKROOT = iphoneos;
				SWIFT_COMPILATION_MODE = wholemodule;
				SWIFT_OPTIMIZATION_LEVEL = "-O";
				VALIDATE_PRODUCT = YES;
			};
			name = Release;
		};
		CAA6D0A22209FAD400512780 /* Debug */ = {
			isa = XCBuildConfiguration;
			buildSettings = {
				ASSETCATALOG_COMPILER_APPICON_NAME = AppIcon;
				CODE_SIGN_STYLE = Automatic;
				DEVELOPMENT_TEAM = J8Z88H6B28;
				INFOPLIST_FILE = "PokeDex 2/Info.plist";
				LD_RUNPATH_SEARCH_PATHS = (
					"$(inherited)",
					"@executable_path/Frameworks",
				);
				PRODUCT_BUNDLE_IDENTIFIER = "com.ethansapps.PokeDex-2";
				PRODUCT_NAME = "$(TARGET_NAME)";
				SWIFT_VERSION = 4.2;
				TARGETED_DEVICE_FAMILY = "1,2";
			};
			name = Debug;
		};
		CAA6D0A32209FAD400512780 /* Release */ = {
			isa = XCBuildConfiguration;
			buildSettings = {
				ASSETCATALOG_COMPILER_APPICON_NAME = AppIcon;
				CODE_SIGN_STYLE = Automatic;
				DEVELOPMENT_TEAM = J8Z88H6B28;
				INFOPLIST_FILE = "PokeDex 2/Info.plist";
				LD_RUNPATH_SEARCH_PATHS = (
					"$(inherited)",
					"@executable_path/Frameworks",
				);
				PRODUCT_BUNDLE_IDENTIFIER = "com.ethansapps.PokeDex-2";
				PRODUCT_NAME = "$(TARGET_NAME)";
				SWIFT_VERSION = 4.2;
				TARGETED_DEVICE_FAMILY = "1,2";
			};
			name = Release;
		};
/* End XCBuildConfiguration section */

/* Begin XCConfigurationList section */
		CAA6D08A2209FAD200512780 /* Build configuration list for PBXProject "PokeDex 2" */ = {
			isa = XCConfigurationList;
			buildConfigurations = (
				CAA6D09F2209FAD400512780 /* Debug */,
				CAA6D0A02209FAD400512780 /* Release */,
			);
			defaultConfigurationIsVisible = 0;
			defaultConfigurationName = Release;
		};
		CAA6D0A12209FAD400512780 /* Build configuration list for PBXNativeTarget "PokeDex 2" */ = {
			isa = XCConfigurationList;
			buildConfigurations = (
				CAA6D0A22209FAD400512780 /* Debug */,
				CAA6D0A32209FAD400512780 /* Release */,
			);
			defaultConfigurationIsVisible = 0;
			defaultConfigurationName = Release;
		};
/* End XCConfigurationList section */
	};
	rootObject = CAA6D0872209FAD200512780 /* Project object */;
}
