// !$*UTF8*$!
{
	archiveVersion = 1;
	classes = {
	};
	objectVersion = 50;
	objects = {

/* Begin PBXBuildFile section */
		CA36C60A220120A80055A530 /* AppDelegate.swift in Sources */ = {isa = PBXBuildFile; fileRef = CA36C609220120A80055A530 /* AppDelegate.swift */; };
		CA36C60C220120A80055A530 /* ViewController.swift in Sources */ = {isa = PBXBuildFile; fileRef = CA36C60B220120A80055A530 /* ViewController.swift */; };
		CA36C60F220120A80055A530 /* Main.storyboard in Resources */ = {isa = PBXBuildFile; fileRef = CA36C60D220120A80055A530 /* Main.storyboard */; };
		CA36C611220120A90055A530 /* Assets.xcassets in Resources */ = {isa = PBXBuildFile; fileRef = CA36C610220120A90055A530 /* Assets.xcassets */; };
		CA36C614220120A90055A530 /* LaunchScreen.storyboard in Resources */ = {isa = PBXBuildFile; fileRef = CA36C612220120A90055A530 /* LaunchScreen.storyboard */; };
		CA36C61D220121210055A530 /* Name.xcdatamodeld in Sources */ = {isa = PBXBuildFile; fileRef = CA36C61B220121210055A530 /* Name.xcdatamodeld */; };
		CA36C61F220122420055A530 /* Name+Convenience.swift in Sources */ = {isa = PBXBuildFile; fileRef = CA36C61E220122420055A530 /* Name+Convenience.swift */; };
		CA36C621220122F70055A530 /* CoreDataStack.swift in Sources */ = {isa = PBXBuildFile; fileRef = CA36C620220122F70055A530 /* CoreDataStack.swift */; };
/* End PBXBuildFile section */

/* Begin PBXFileReference section */
		CA36C606220120A80055A530 /* CoreDataExample1.app */ = {isa = PBXFileReference; explicitFileType = wrapper.application; includeInIndex = 0; path = CoreDataExample1.app; sourceTree = BUILT_PRODUCTS_DIR; };
		CA36C609220120A80055A530 /* AppDelegate.swift */ = {isa = PBXFileReference; lastKnownFileType = sourcecode.swift; path = AppDelegate.swift; sourceTree = "<group>"; };
		CA36C60B220120A80055A530 /* ViewController.swift */ = {isa = PBXFileReference; lastKnownFileType = sourcecode.swift; path = ViewController.swift; sourceTree = "<group>"; };
		CA36C60E220120A80055A530 /* Base */ = {isa = PBXFileReference; lastKnownFileType = file.storyboard; name = Base; path = Base.lproj/Main.storyboard; sourceTree = "<group>"; };
		CA36C610220120A90055A530 /* Assets.xcassets */ = {isa = PBXFileReference; lastKnownFileType = folder.assetcatalog; path = Assets.xcassets; sourceTree = "<group>"; };
		CA36C613220120A90055A530 /* Base */ = {isa = PBXFileReference; lastKnownFileType = file.storyboard; name = Base; path = Base.lproj/LaunchScreen.storyboard; sourceTree = "<group>"; };
		CA36C615220120A90055A530 /* Info.plist */ = {isa = PBXFileReference; lastKnownFileType = text.plist.xml; path = Info.plist; sourceTree = "<group>"; };
		CA36C61C220121210055A530 /* Name.xcdatamodel */ = {isa = PBXFileReference; lastKnownFileType = wrapper.xcdatamodel; path = Name.xcdatamodel; sourceTree = "<group>"; };
		CA36C61E220122420055A530 /* Name+Convenience.swift */ = {isa = PBXFileReference; lastKnownFileType = sourcecode.swift; path = "Name+Convenience.swift"; sourceTree = "<group>"; };
		CA36C620220122F70055A530 /* CoreDataStack.swift */ = {isa = PBXFileReference; lastKnownFileType = sourcecode.swift; path = CoreDataStack.swift; sourceTree = "<group>"; };
/* End PBXFileReference section */

/* Begin PBXFrameworksBuildPhase section */
		CA36C603220120A80055A530 /* Frameworks */ = {
			isa = PBXFrameworksBuildPhase;
			buildActionMask = 2147483647;
			files = (
			);
			runOnlyForDeploymentPostprocessing = 0;
		};
/* End PBXFrameworksBuildPhase section */

/* Begin PBXGroup section */
		CA36C5FD220120A80055A530 = {
			isa = PBXGroup;
			children = (
				CA36C608220120A80055A530 /* CoreDataExample1 */,
				CA36C607220120A80055A530 /* Products */,
			);
			sourceTree = "<group>";
		};
		CA36C607220120A80055A530 /* Products */ = {
			isa = PBXGroup;
			children = (
				CA36C606220120A80055A530 /* CoreDataExample1.app */,
			);
			name = Products;
			sourceTree = "<group>";
		};
		CA36C608220120A80055A530 /* CoreDataExample1 */ = {
			isa = PBXGroup;
			children = (
				CA36C61B220121210055A530 /* Name.xcdatamodeld */,
				CA36C61E220122420055A530 /* Name+Convenience.swift */,
				CA36C620220122F70055A530 /* CoreDataStack.swift */,
				CA36C60B220120A80055A530 /* ViewController.swift */,
				CA36C609220120A80055A530 /* AppDelegate.swift */,
				CA36C60D220120A80055A530 /* Main.storyboard */,
				CA36C610220120A90055A530 /* Assets.xcassets */,
				CA36C612220120A90055A530 /* LaunchScreen.storyboard */,
				CA36C615220120A90055A530 /* Info.plist */,
			);
			path = CoreDataExample1;
			sourceTree = "<group>";
		};
/* End PBXGroup section */

/* Begin PBXNativeTarget section */
		CA36C605220120A80055A530 /* CoreDataExample1 */ = {
			isa = PBXNativeTarget;
			buildConfigurationList = CA36C618220120A90055A530 /* Build configuration list for PBXNativeTarget "CoreDataExample1" */;
			buildPhases = (
				CA36C602220120A80055A530 /* Sources */,
				CA36C603220120A80055A530 /* Frameworks */,
				CA36C604220120A80055A530 /* Resources */,
			);
			buildRules = (
			);
			dependencies = (
			);
			name = CoreDataExample1;
			productName = CoreDataExample1;
			productReference = CA36C606220120A80055A530 /* CoreDataExample1.app */;
			productType = "com.apple.product-type.application";
		};
/* End PBXNativeTarget section */

/* Begin PBXProject section */
		CA36C5FE220120A80055A530 /* Project object */ = {
			isa = PBXProject;
			attributes = {
				LastSwiftUpdateCheck = 1010;
				LastUpgradeCheck = 1010;
				ORGANIZATIONNAME = "ya boy E";
				TargetAttributes = {
					CA36C605220120A80055A530 = {
						CreatedOnToolsVersion = 10.1;
					};
				};
			};
			buildConfigurationList = CA36C601220120A80055A530 /* Build configuration list for PBXProject "CoreDataExample1" */;
			compatibilityVersion = "Xcode 9.3";
			developmentRegion = en;
			hasScannedForEncodings = 0;
			knownRegions = (
				en,
				Base,
			);
			mainGroup = CA36C5FD220120A80055A530;
			productRefGroup = CA36C607220120A80055A530 /* Products */;
			projectDirPath = "";
			projectRoot = "";
			targets = (
				CA36C605220120A80055A530 /* CoreDataExample1 */,
			);
		};
/* End PBXProject section */

/* Begin PBXResourcesBuildPhase section */
		CA36C604220120A80055A530 /* Resources */ = {
			isa = PBXResourcesBuildPhase;
			buildActionMask = 2147483647;
			files = (
				CA36C614220120A90055A530 /* LaunchScreen.storyboard in Resources */,
				CA36C611220120A90055A530 /* Assets.xcassets in Resources */,
				CA36C60F220120A80055A530 /* Main.storyboard in Resources */,
			);
			runOnlyForDeploymentPostprocessing = 0;
		};
/* End PBXResourcesBuildPhase section */

/* Begin PBXSourcesBuildPhase section */
		CA36C602220120A80055A530 /* Sources */ = {
			isa = PBXSourcesBuildPhase;
			buildActionMask = 2147483647;
			files = (
				CA36C621220122F70055A530 /* CoreDataStack.swift in Sources */,
				CA36C60C220120A80055A530 /* ViewController.swift in Sources */,
				CA36C61D220121210055A530 /* Name.xcdatamodeld in Sources */,
				CA36C61F220122420055A530 /* Name+Convenience.swift in Sources */,
				CA36C60A220120A80055A530 /* AppDelegate.swift in Sources */,
			);
			runOnlyForDeploymentPostprocessing = 0;
		};
/* End PBXSourcesBuildPhase section */

/* Begin PBXVariantGroup section */
		CA36C60D220120A80055A530 /* Main.storyboard */ = {
			isa = PBXVariantGroup;
			children = (
				CA36C60E220120A80055A530 /* Base */,
			);
			name = Main.storyboard;
			sourceTree = "<group>";
		};
		CA36C612220120A90055A530 /* LaunchScreen.storyboard */ = {
			isa = PBXVariantGroup;
			children = (
				CA36C613220120A90055A530 /* Base */,
			);
			name = LaunchScreen.storyboard;
			sourceTree = "<group>";
		};
/* End PBXVariantGroup section */

/* Begin XCBuildConfiguration section */
		CA36C616220120A90055A530 /* Debug */ = {
			isa = XCBuildConfiguration;
			buildSettings = {
				ALWAYS_SEARCH_USER_PATHS = NO;
				CLANG_ANALYZER_NONNULL = YES;
				CLANG_ANALYZER_NUMBER_OBJECT_CONVERSION = YES_AGGRESSIVE;
				CLANG_CXX_LANGUAGE_STANDARD = "gnu++14";
				CLANG_CXX_LIBRARY = "libc++";
				CLANG_ENABLE_MODULES = YES;
				CLANG_ENABLE_OBJC_ARC = YES;
				CLANG_ENABLE_OBJC_WEAK = YES;
				CLANG_WARN_BLOCK_CAPTURE_AUTORELEASING = YES;
				CLANG_WARN_BOOL_CONVERSION = YES;
				CLANG_WARN_COMMA = YES;
				CLANG_WARN_CONSTANT_CONVERSION = YES;
				CLANG_WARN_DEPRECATED_OBJC_IMPLEMENTATIONS = YES;
				CLANG_WARN_DIRECT_OBJC_ISA_USAGE = YES_ERROR;
				CLANG_WARN_DOCUMENTATION_COMMENTS = YES;
				CLANG_WARN_EMPTY_BODY = YES;
				CLANG_WARN_ENUM_CONVERSION = YES;
				CLANG_WARN_INFINITE_RECURSION = YES;
				CLANG_WARN_INT_CONVERSION = YES;
				CLANG_WARN_NON_LITERAL_NULL_CONVERSION = YES;
				CLANG_WARN_OBJC_IMPLICIT_RETAIN_SELF = YES;
				CLANG_WARN_OBJC_LITERAL_CONVERSION = YES;
				CLANG_WARN_OBJC_ROOT_CLASS = YES_ERROR;
				CLANG_WARN_RANGE_LOOP_ANALYSIS = YES;
				CLANG_WARN_STRICT_PROTOTYPES = YES;
				CLANG_WARN_SUSPICIOUS_MOVE = YES;
				CLANG_WARN_UNGUARDED_AVAILABILITY = YES_AGGRESSIVE;
				CLANG_WARN_UNREACHABLE_CODE = YES;
				CLANG_WARN__DUPLICATE_METHOD_MATCH = YES;
				CODE_SIGN_IDENTITY = "iPhone Developer";
				COPY_PHASE_STRIP = NO;
				DEBUG_INFORMATION_FORMAT = dwarf;
				ENABLE_STRICT_OBJC_MSGSEND = YES;
				ENABLE_TESTABILITY = YES;
				GCC_C_LANGUAGE_STANDARD = gnu11;
				GCC_DYNAMIC_NO_PIC = NO;
				GCC_NO_COMMON_BLOCKS = YES;
				GCC_OPTIMIZATION_LEVEL = 0;
				GCC_PREPROCESSOR_DEFINITIONS = (
					"DEBUG=1",
					"$(inherited)",
				);
				GCC_WARN_64_TO_32_BIT_CONVERSION = YES;
				GCC_WARN_ABOUT_RETURN_TYPE = YES_ERROR;
				GCC_WARN_UNDECLARED_SELECTOR = YES;
				GCC_WARN_UNINITIALIZED_AUTOS = YES_AGGRESSIVE;
				GCC_WARN_UNUSED_FUNCTION = YES;
				GCC_WARN_UNUSED_VARIABLE = YES;
				IPHONEOS_DEPLOYMENT_TARGET = 12.1;
				MTL_ENABLE_DEBUG_INFO = INCLUDE_SOURCE;
				MTL_FAST_MATH = YES;
				ONLY_ACTIVE_ARCH = YES;
				SDKROOT = iphoneos;
				SWIFT_ACTIVE_COMPILATION_CONDITIONS = DEBUG;
				SWIFT_OPTIMIZATION_LEVEL = "-Onone";
			};
			name = Debug;
		};
		CA36C617220120A90055A530 /* Release */ = {
			isa = XCBuildConfiguration;
			buildSettings = {
				ALWAYS_SEARCH_USER_PATHS = NO;
				CLANG_ANALYZER_NONNULL = YES;
				CLANG_ANALYZER_NUMBER_OBJECT_CONVERSION = YES_AGGRESSIVE;
				CLANG_CXX_LANGUAGE_STANDARD = "gnu++14";
				CLANG_CXX_LIBRARY = "libc++";
				CLANG_ENABLE_MODULES = YES;
				CLANG_ENABLE_OBJC_ARC = YES;
				CLANG_ENABLE_OBJC_WEAK = YES;
				CLANG_WARN_BLOCK_CAPTURE_AUTORELEASING = YES;
				CLANG_WARN_BOOL_CONVERSION = YES;
				CLANG_WARN_COMMA = YES;
				CLANG_WARN_CONSTANT_CONVERSION = YES;
				CLANG_WARN_DEPRECATED_OBJC_IMPLEMENTATIONS = YES;
				CLANG_WARN_DIRECT_OBJC_ISA_USAGE = YES_ERROR;
				CLANG_WARN_DOCUMENTATION_COMMENTS = YES;
				CLANG_WARN_EMPTY_BODY = YES;
				CLANG_WARN_ENUM_CONVERSION = YES;
				CLANG_WARN_INFINITE_RECURSION = YES;
				CLANG_WARN_INT_CONVERSION = YES;
				CLANG_WARN_NON_LITERAL_NULL_CONVERSION = YES;
				CLANG_WARN_OBJC_IMPLICIT_RETAIN_SELF = YES;
				CLANG_WARN_OBJC_LITERAL_CONVERSION = YES;
				CLANG_WARN_OBJC_ROOT_CLASS = YES_ERROR;
				CLANG_WARN_RANGE_LOOP_ANALYSIS = YES;
				CLANG_WARN_STRICT_PROTOTYPES = YES;
				CLANG_WARN_SUSPICIOUS_MOVE = YES;
				CLANG_WARN_UNGUARDED_AVAILABILITY = YES_AGGRESSIVE;
				CLANG_WARN_UNREACHABLE_CODE = YES;
				CLANG_WARN__DUPLICATE_METHOD_MATCH = YES;
				CODE_SIGN_IDENTITY = "iPhone Developer";
				COPY_PHASE_STRIP = NO;
				DEBUG_INFORMATION_FORMAT = "dwarf-with-dsym";
				ENABLE_NS_ASSERTIONS = NO;
				ENABLE_STRICT_OBJC_MSGSEND = YES;
				GCC_C_LANGUAGE_STANDARD = gnu11;
				GCC_NO_COMMON_BLOCKS = YES;
				GCC_WARN_64_TO_32_BIT_CONVERSION = YES;
				GCC_WARN_ABOUT_RETURN_TYPE = YES_ERROR;
				GCC_WARN_UNDECLARED_SELECTOR = YES;
				GCC_WARN_UNINITIALIZED_AUTOS = YES_AGGRESSIVE;
				GCC_WARN_UNUSED_FUNCTION = YES;
				GCC_WARN_UNUSED_VARIABLE = YES;
				IPHONEOS_DEPLOYMENT_TARGET = 12.1;
				MTL_ENABLE_DEBUG_INFO = NO;
				MTL_FAST_MATH = YES;
				SDKROOT = iphoneos;
				SWIFT_COMPILATION_MODE = wholemodule;
				SWIFT_OPTIMIZATION_LEVEL = "-O";
				VALIDATE_PRODUCT = YES;
			};
			name = Release;
		};
		CA36C619220120A90055A530 /* Debug */ = {
			isa = XCBuildConfiguration;
			buildSettings = {
				ASSETCATALOG_COMPILER_APPICON_NAME = AppIcon;
				CODE_SIGN_STYLE = Automatic;
				DEVELOPMENT_TEAM = J8Z88H6B28;
				INFOPLIST_FILE = CoreDataExample1/Info.plist;
				LD_RUNPATH_SEARCH_PATHS = (
					"$(inherited)",
					"@executable_path/Frameworks",
				);
				PRODUCT_BUNDLE_IDENTIFIER = com.ethansapps.CoreDataExample1;
				PRODUCT_NAME = "$(TARGET_NAME)";
				SWIFT_VERSION = 4.2;
				TARGETED_DEVICE_FAMILY = "1,2";
			};
			name = Debug;
		};
		CA36C61A220120A90055A530 /* Release */ = {
			isa = XCBuildConfiguration;
			buildSettings = {
				ASSETCATALOG_COMPILER_APPICON_NAME = AppIcon;
				CODE_SIGN_STYLE = Automatic;
				DEVELOPMENT_TEAM = J8Z88H6B28;
				INFOPLIST_FILE = CoreDataExample1/Info.plist;
				LD_RUNPATH_SEARCH_PATHS = (
					"$(inherited)",
					"@executable_path/Frameworks",
				);
				PRODUCT_BUNDLE_IDENTIFIER = com.ethansapps.CoreDataExample1;
				PRODUCT_NAME = "$(TARGET_NAME)";
				SWIFT_VERSION = 4.2;
				TARGETED_DEVICE_FAMILY = "1,2";
			};
			name = Release;
		};
/* End XCBuildConfiguration section */

/* Begin XCConfigurationList section */
		CA36C601220120A80055A530 /* Build configuration list for PBXProject "CoreDataExample1" */ = {
			isa = XCConfigurationList;
			buildConfigurations = (
				CA36C616220120A90055A530 /* Debug */,
				CA36C617220120A90055A530 /* Release */,
			);
			defaultConfigurationIsVisible = 0;
			defaultConfigurationName = Release;
		};
		CA36C618220120A90055A530 /* Build configuration list for PBXNativeTarget "CoreDataExample1" */ = {
			isa = XCConfigurationList;
			buildConfigurations = (
				CA36C619220120A90055A530 /* Debug */,
				CA36C61A220120A90055A530 /* Release */,
			);
			defaultConfigurationIsVisible = 0;
			defaultConfigurationName = Release;
		};
/* End XCConfigurationList section */

/* Begin XCVersionGroup section */
		CA36C61B220121210055A530 /* Name.xcdatamodeld */ = {
			isa = XCVersionGroup;
			children = (
				CA36C61C220121210055A530 /* Name.xcdatamodel */,
			);
			currentVersion = CA36C61C220121210055A530 /* Name.xcdatamodel */;
			path = Name.xcdatamodeld;
			sourceTree = "<group>";
			versionGroupType = wrapper.xcdatamodel;
		};
/* End XCVersionGroup section */
	};
	rootObject = CA36C5FE220120A80055A530 /* Project object */;
}
