// !$*UTF8*$!
{
	archiveVersion = 1;
	classes = {
	};
	objectVersion = 50;
	objects = {

/* Begin PBXBuildFile section */
		CA1B3B1221E15B4100FA7BAF /* main.swift in Sources */ = {isa = PBXBuildFile; fileRef = CA1B3B1121E15B4100FA7BAF /* main.swift */; };
		CA1B3B1921E15C2200FA7BAF /* Town.swift in Sources */ = {isa = PBXBuildFile; fileRef = CA1B3B1821E15C2200FA7BAF /* Town.swift */; };
		CA1B3B1B21E15E3D00FA7BAF /* Monster.swift in Sources */ = {isa = PBXBuildFile; fileRef = CA1B3B1A21E15E3D00FA7BAF /* Monster.swift */; };
		CA1B3B1D21E15F6300FA7BAF /* Zombie.swift in Sources */ = {isa = PBXBuildFile; fileRef = CA1B3B1C21E15F6300FA7BAF /* Zombie.swift */; };
		CA463DDF21E16D0D005915F0 /* Vampire.swift in Sources */ = {isa = PBXBuildFile; fileRef = CA463DDE21E16D0D005915F0 /* Vampire.swift */; };
		CADC24F421EC2EFF00C68EF4 /* Mayor.swift in Sources */ = {isa = PBXBuildFile; fileRef = CADC24F321EC2EFF00C68EF4 /* Mayor.swift */; };
/* End PBXBuildFile section */

/* Begin PBXCopyFilesBuildPhase section */
		CA1B3B0C21E15B4100FA7BAF /* CopyFiles */ = {
			isa = PBXCopyFilesBuildPhase;
			buildActionMask = 2147483647;
			dstPath = /usr/share/man/man1/;
			dstSubfolderSpec = 0;
			files = (
			);
			runOnlyForDeploymentPostprocessing = 1;
		};
/* End PBXCopyFilesBuildPhase section */

/* Begin PBXFileReference section */
		CA1B3B0E21E15B4100FA7BAF /* MonsterTown */ = {isa = PBXFileReference; explicitFileType = "compiled.mach-o.executable"; includeInIndex = 0; path = MonsterTown; sourceTree = BUILT_PRODUCTS_DIR; };
		CA1B3B1121E15B4100FA7BAF /* main.swift */ = {isa = PBXFileReference; lastKnownFileType = sourcecode.swift; path = main.swift; sourceTree = "<group>"; };
		CA1B3B1821E15C2200FA7BAF /* Town.swift */ = {isa = PBXFileReference; lastKnownFileType = sourcecode.swift; path = Town.swift; sourceTree = "<group>"; };
		CA1B3B1A21E15E3D00FA7BAF /* Monster.swift */ = {isa = PBXFileReference; lastKnownFileType = sourcecode.swift; path = Monster.swift; sourceTree = "<group>"; };
		CA1B3B1C21E15F6300FA7BAF /* Zombie.swift */ = {isa = PBXFileReference; lastKnownFileType = sourcecode.swift; path = Zombie.swift; sourceTree = "<group>"; };
		CA463DDE21E16D0D005915F0 /* Vampire.swift */ = {isa = PBXFileReference; lastKnownFileType = sourcecode.swift; path = Vampire.swift; sourceTree = "<group>"; };
		CADC24F321EC2EFF00C68EF4 /* Mayor.swift */ = {isa = PBXFileReference; lastKnownFileType = sourcecode.swift; path = Mayor.swift; sourceTree = "<group>"; };
/* End PBXFileReference section */

/* Begin PBXFrameworksBuildPhase section */
		CA1B3B0B21E15B4100FA7BAF /* Frameworks */ = {
			isa = PBXFrameworksBuildPhase;
			buildActionMask = 2147483647;
			files = (
			);
			runOnlyForDeploymentPostprocessing = 0;
		};
/* End PBXFrameworksBuildPhase section */

/* Begin PBXGroup section */
		CA1B3B0521E15B4100FA7BAF = {
			isa = PBXGroup;
			children = (
				CA1B3B1021E15B4100FA7BAF /* MonsterTown */,
				CA1B3B0F21E15B4100FA7BAF /* Products */,
			);
			sourceTree = "<group>";
		};
		CA1B3B0F21E15B4100FA7BAF /* Products */ = {
			isa = PBXGroup;
			children = (
				CA1B3B0E21E15B4100FA7BAF /* MonsterTown */,
			);
			name = Products;
			sourceTree = "<group>";
		};
		CA1B3B1021E15B4100FA7BAF /* MonsterTown */ = {
			isa = PBXGroup;
			children = (
				CA1B3B1121E15B4100FA7BAF /* main.swift */,
				CA1B3B1C21E15F6300FA7BAF /* Zombie.swift */,
				CA1B3B1A21E15E3D00FA7BAF /* Monster.swift */,
				CA463DDE21E16D0D005915F0 /* Vampire.swift */,
				CA1B3B1821E15C2200FA7BAF /* Town.swift */,
				CADC24F321EC2EFF00C68EF4 /* Mayor.swift */,
			);
			path = MonsterTown;
			sourceTree = "<group>";
		};
/* End PBXGroup section */

/* Begin PBXNativeTarget section */
		CA1B3B0D21E15B4100FA7BAF /* MonsterTown */ = {
			isa = PBXNativeTarget;
			buildConfigurationList = CA1B3B1521E15B4100FA7BAF /* Build configuration list for PBXNativeTarget "MonsterTown" */;
			buildPhases = (
				CA1B3B0A21E15B4100FA7BAF /* Sources */,
				CA1B3B0B21E15B4100FA7BAF /* Frameworks */,
				CA1B3B0C21E15B4100FA7BAF /* CopyFiles */,
			);
			buildRules = (
			);
			dependencies = (
			);
			name = MonsterTown;
			productName = MonsterTown;
			productReference = CA1B3B0E21E15B4100FA7BAF /* MonsterTown */;
			productType = "com.apple.product-type.tool";
		};
/* End PBXNativeTarget section */

/* Begin PBXProject section */
		CA1B3B0621E15B4100FA7BAF /* Project object */ = {
			isa = PBXProject;
			attributes = {
				LastSwiftUpdateCheck = 1010;
				LastUpgradeCheck = 1010;
				ORGANIZATIONNAME = "ya boy E";
				TargetAttributes = {
					CA1B3B0D21E15B4100FA7BAF = {
						CreatedOnToolsVersion = 10.1;
					};
				};
			};
			buildConfigurationList = CA1B3B0921E15B4100FA7BAF /* Build configuration list for PBXProject "MonsterTown" */;
			compatibilityVersion = "Xcode 9.3";
			developmentRegion = en;
			hasScannedForEncodings = 0;
			knownRegions = (
				en,
			);
			mainGroup = CA1B3B0521E15B4100FA7BAF;
			productRefGroup = CA1B3B0F21E15B4100FA7BAF /* Products */;
			projectDirPath = "";
			projectRoot = "";
			targets = (
				CA1B3B0D21E15B4100FA7BAF /* MonsterTown */,
			);
		};
/* End PBXProject section */

/* Begin PBXSourcesBuildPhase section */
		CA1B3B0A21E15B4100FA7BAF /* Sources */ = {
			isa = PBXSourcesBuildPhase;
			buildActionMask = 2147483647;
			files = (
				CA1B3B1221E15B4100FA7BAF /* main.swift in Sources */,
				CA1B3B1D21E15F6300FA7BAF /* Zombie.swift in Sources */,
				CADC24F421EC2EFF00C68EF4 /* Mayor.swift in Sources */,
				CA1B3B1B21E15E3D00FA7BAF /* Monster.swift in Sources */,
				CA463DDF21E16D0D005915F0 /* Vampire.swift in Sources */,
				CA1B3B1921E15C2200FA7BAF /* Town.swift in Sources */,
			);
			runOnlyForDeploymentPostprocessing = 0;
		};
/* End PBXSourcesBuildPhase section */

/* Begin XCBuildConfiguration section */
		CA1B3B1321E15B4100FA7BAF /* Debug */ = {
			isa = XCBuildConfiguration;
			buildSettings = {
				ALWAYS_SEARCH_USER_PATHS = NO;
				CLANG_ANALYZER_NONNULL = YES;
				CLANG_ANALYZER_NUMBER_OBJECT_CONVERSION = YES_AGGRESSIVE;
				CLANG_CXX_LANGUAGE_STANDARD = "gnu++14";
				CLANG_CXX_LIBRARY = "libc++";
				CLANG_ENABLE_MODULES = YES;
				CLANG_ENABLE_OBJC_ARC = YES;
				CLANG_ENABLE_OBJC_WEAK = YES;
				CLANG_WARN_BLOCK_CAPTURE_AUTORELEASING = YES;
				CLANG_WARN_BOOL_CONVERSION = YES;
				CLANG_WARN_COMMA = YES;
				CLANG_WARN_CONSTANT_CONVERSION = YES;
				CLANG_WARN_DEPRECATED_OBJC_IMPLEMENTATIONS = YES;
				CLANG_WARN_DIRECT_OBJC_ISA_USAGE = YES_ERROR;
				CLANG_WARN_DOCUMENTATION_COMMENTS = YES;
				CLANG_WARN_EMPTY_BODY = YES;
				CLANG_WARN_ENUM_CONVERSION = YES;
				CLANG_WARN_INFINITE_RECURSION = YES;
				CLANG_WARN_INT_CONVERSION = YES;
				CLANG_WARN_NON_LITERAL_NULL_CONVERSION = YES;
				CLANG_WARN_OBJC_IMPLICIT_RETAIN_SELF = YES;
				CLANG_WARN_OBJC_LITERAL_CONVERSION = YES;
				CLANG_WARN_OBJC_ROOT_CLASS = YES_ERROR;
				CLANG_WARN_RANGE_LOOP_ANALYSIS = YES;
				CLANG_WARN_STRICT_PROTOTYPES = YES;
				CLANG_WARN_SUSPICIOUS_MOVE = YES;
				CLANG_WARN_UNGUARDED_AVAILABILITY = YES_AGGRESSIVE;
				CLANG_WARN_UNREACHABLE_CODE = YES;
				CLANG_WARN__DUPLICATE_METHOD_MATCH = YES;
				CODE_SIGN_IDENTITY = "Mac Developer";
				COPY_PHASE_STRIP = NO;
				DEBUG_INFORMATION_FORMAT = dwarf;
				ENABLE_STRICT_OBJC_MSGSEND = YES;
				ENABLE_TESTABILITY = YES;
				GCC_C_LANGUAGE_STANDARD = gnu11;
				GCC_DYNAMIC_NO_PIC = NO;
				GCC_NO_COMMON_BLOCKS = YES;
				GCC_OPTIMIZATION_LEVEL = 0;
				GCC_PREPROCESSOR_DEFINITIONS = (
					"DEBUG=1",
					"$(inherited)",
				);
				GCC_WARN_64_TO_32_BIT_CONVERSION = YES;
				GCC_WARN_ABOUT_RETURN_TYPE = YES_ERROR;
				GCC_WARN_UNDECLARED_SELECTOR = YES;
				GCC_WARN_UNINITIALIZED_AUTOS = YES_AGGRESSIVE;
				GCC_WARN_UNUSED_FUNCTION = YES;
				GCC_WARN_UNUSED_VARIABLE = YES;
				MACOSX_DEPLOYMENT_TARGET = 10.14;
				MTL_ENABLE_DEBUG_INFO = INCLUDE_SOURCE;
				MTL_FAST_MATH = YES;
				ONLY_ACTIVE_ARCH = YES;
				SDKROOT = macosx;
				SWIFT_ACTIVE_COMPILATION_CONDITIONS = DEBUG;
				SWIFT_OPTIMIZATION_LEVEL = "-Onone";
			};
			name = Debug;
		};
		CA1B3B1421E15B4100FA7BAF /* Release */ = {
			isa = XCBuildConfiguration;
			buildSettings = {
				ALWAYS_SEARCH_USER_PATHS = NO;
				CLANG_ANALYZER_NONNULL = YES;
				CLANG_ANALYZER_NUMBER_OBJECT_CONVERSION = YES_AGGRESSIVE;
				CLANG_CXX_LANGUAGE_STANDARD = "gnu++14";
				CLANG_CXX_LIBRARY = "libc++";
				CLANG_ENABLE_MODULES = YES;
				CLANG_ENABLE_OBJC_ARC = YES;
				CLANG_ENABLE_OBJC_WEAK = YES;
				CLANG_WARN_BLOCK_CAPTURE_AUTORELEASING = YES;
				CLANG_WARN_BOOL_CONVERSION = YES;
				CLANG_WARN_COMMA = YES;
				CLANG_WARN_CONSTANT_CONVERSION = YES;
				CLANG_WARN_DEPRECATED_OBJC_IMPLEMENTATIONS = YES;
				CLANG_WARN_DIRECT_OBJC_ISA_USAGE = YES_ERROR;
				CLANG_WARN_DOCUMENTATION_COMMENTS = YES;
				CLANG_WARN_EMPTY_BODY = YES;
				CLANG_WARN_ENUM_CONVERSION = YES;
				CLANG_WARN_INFINITE_RECURSION = YES;
				CLANG_WARN_INT_CONVERSION = YES;
				CLANG_WARN_NON_LITERAL_NULL_CONVERSION = YES;
				CLANG_WARN_OBJC_IMPLICIT_RETAIN_SELF = YES;
				CLANG_WARN_OBJC_LITERAL_CONVERSION = YES;
				CLANG_WARN_OBJC_ROOT_CLASS = YES_ERROR;
				CLANG_WARN_RANGE_LOOP_ANALYSIS = YES;
				CLANG_WARN_STRICT_PROTOTYPES = YES;
				CLANG_WARN_SUSPICIOUS_MOVE = YES;
				CLANG_WARN_UNGUARDED_AVAILABILITY = YES_AGGRESSIVE;
				CLANG_WARN_UNREACHABLE_CODE = YES;
				CLANG_WARN__DUPLICATE_METHOD_MATCH = YES;
				CODE_SIGN_IDENTITY = "Mac Developer";
				COPY_PHASE_STRIP = NO;
				DEBUG_INFORMATION_FORMAT = "dwarf-with-dsym";
				ENABLE_NS_ASSERTIONS = NO;
				ENABLE_STRICT_OBJC_MSGSEND = YES;
				GCC_C_LANGUAGE_STANDARD = gnu11;
				GCC_NO_COMMON_BLOCKS = YES;
				GCC_WARN_64_TO_32_BIT_CONVERSION = YES;
				GCC_WARN_ABOUT_RETURN_TYPE = YES_ERROR;
				GCC_WARN_UNDECLARED_SELECTOR = YES;
				GCC_WARN_UNINITIALIZED_AUTOS = YES_AGGRESSIVE;
				GCC_WARN_UNUSED_FUNCTION = YES;
				GCC_WARN_UNUSED_VARIABLE = YES;
				MACOSX_DEPLOYMENT_TARGET = 10.14;
				MTL_ENABLE_DEBUG_INFO = NO;
				MTL_FAST_MATH = YES;
				SDKROOT = macosx;
				SWIFT_COMPILATION_MODE = wholemodule;
				SWIFT_OPTIMIZATION_LEVEL = "-O";
			};
			name = Release;
		};
		CA1B3B1621E15B4100FA7BAF /* Debug */ = {
			isa = XCBuildConfiguration;
			buildSettings = {
				CODE_SIGN_STYLE = Automatic;
				DEVELOPMENT_TEAM = J8Z88H6B28;
				PRODUCT_NAME = "$(TARGET_NAME)";
				SWIFT_VERSION = 4.2;
			};
			name = Debug;
		};
		CA1B3B1721E15B4100FA7BAF /* Release */ = {
			isa = XCBuildConfiguration;
			buildSettings = {
				CODE_SIGN_STYLE = Automatic;
				DEVELOPMENT_TEAM = J8Z88H6B28;
				PRODUCT_NAME = "$(TARGET_NAME)";
				SWIFT_VERSION = 4.2;
			};
			name = Release;
		};
/* End XCBuildConfiguration section */

/* Begin XCConfigurationList section */
		CA1B3B0921E15B4100FA7BAF /* Build configuration list for PBXProject "MonsterTown" */ = {
			isa = XCConfigurationList;
			buildConfigurations = (
				CA1B3B1321E15B4100FA7BAF /* Debug */,
				CA1B3B1421E15B4100FA7BAF /* Release */,
			);
			defaultConfigurationIsVisible = 0;
			defaultConfigurationName = Release;
		};
		CA1B3B1521E15B4100FA7BAF /* Build configuration list for PBXNativeTarget "MonsterTown" */ = {
			isa = XCConfigurationList;
			buildConfigurations = (
				CA1B3B1621E15B4100FA7BAF /* Debug */,
				CA1B3B1721E15B4100FA7BAF /* Release */,
			);
			defaultConfigurationIsVisible = 0;
			defaultConfigurationName = Release;
		};
/* End XCConfigurationList section */
	};
	rootObject = CA1B3B0621E15B4100FA7BAF /* Project object */;
}
