// !$*UTF8*$!
{
	archiveVersion = 1;
	classes = {
	};
	objectVersion = 50;
	objects = {

/* Begin PBXBuildFile section */
		CAB04DBE21F8D2F4004EEC76 /* AppDelegate.swift in Sources */ = {isa = PBXBuildFile; fileRef = CAB04DBD21F8D2F4004EEC76 /* AppDelegate.swift */; };
		CAB04DC321F8D2F4004EEC76 /* Main.storyboard in Resources */ = {isa = PBXBuildFile; fileRef = CAB04DC121F8D2F4004EEC76 /* Main.storyboard */; };
		CAB04DC521F8D2F6004EEC76 /* Assets.xcassets in Resources */ = {isa = PBXBuildFile; fileRef = CAB04DC421F8D2F6004EEC76 /* Assets.xcassets */; };
		CAB04DC821F8D2F6004EEC76 /* LaunchScreen.storyboard in Resources */ = {isa = PBXBuildFile; fileRef = CAB04DC621F8D2F6004EEC76 /* LaunchScreen.storyboard */; };
		CAB04DD221F8D4B1004EEC76 /* PlaylistTableViewController.swift in Sources */ = {isa = PBXBuildFile; fileRef = CAB04DD121F8D4B1004EEC76 /* PlaylistTableViewController.swift */; };
		CAB04DDA21F8DB25004EEC76 /* SongListTableViewController.swift in Sources */ = {isa = PBXBuildFile; fileRef = CAB04DD921F8DB25004EEC76 /* SongListTableViewController.swift */; };
		CAB04DDC21F8DD43004EEC76 /* Song.swift in Sources */ = {isa = PBXBuildFile; fileRef = CAB04DDB21F8DD43004EEC76 /* Song.swift */; };
		CAB04DDF21F8E08C004EEC76 /* Playlist.swift in Sources */ = {isa = PBXBuildFile; fileRef = CAB04DDE21F8E08C004EEC76 /* Playlist.swift */; };
		CAB04DE121F8E258004EEC76 /* SongController.swift in Sources */ = {isa = PBXBuildFile; fileRef = CAB04DE021F8E258004EEC76 /* SongController.swift */; };
		CAB04DE421F8E428004EEC76 /* PlaylistController.swift in Sources */ = {isa = PBXBuildFile; fileRef = CAB04DE321F8E428004EEC76 /* PlaylistController.swift */; };
/* End PBXBuildFile section */

/* Begin PBXFileReference section */
		CAB04DBA21F8D2F4004EEC76 /* Playlist 2.app */ = {isa = PBXFileReference; explicitFileType = wrapper.application; includeInIndex = 0; path = "Playlist 2.app"; sourceTree = BUILT_PRODUCTS_DIR; };
		CAB04DBD21F8D2F4004EEC76 /* AppDelegate.swift */ = {isa = PBXFileReference; lastKnownFileType = sourcecode.swift; path = AppDelegate.swift; sourceTree = "<group>"; };
		CAB04DC221F8D2F4004EEC76 /* Base */ = {isa = PBXFileReference; lastKnownFileType = file.storyboard; name = Base; path = Base.lproj/Main.storyboard; sourceTree = "<group>"; };
		CAB04DC421F8D2F6004EEC76 /* Assets.xcassets */ = {isa = PBXFileReference; lastKnownFileType = folder.assetcatalog; path = Assets.xcassets; sourceTree = "<group>"; };
		CAB04DC721F8D2F6004EEC76 /* Base */ = {isa = PBXFileReference; lastKnownFileType = file.storyboard; name = Base; path = Base.lproj/LaunchScreen.storyboard; sourceTree = "<group>"; };
		CAB04DC921F8D2F6004EEC76 /* Info.plist */ = {isa = PBXFileReference; lastKnownFileType = text.plist.xml; path = Info.plist; sourceTree = "<group>"; };
		CAB04DD121F8D4B1004EEC76 /* PlaylistTableViewController.swift */ = {isa = PBXFileReference; lastKnownFileType = sourcecode.swift; path = PlaylistTableViewController.swift; sourceTree = "<group>"; };
		CAB04DD921F8DB25004EEC76 /* SongListTableViewController.swift */ = {isa = PBXFileReference; lastKnownFileType = sourcecode.swift; path = SongListTableViewController.swift; sourceTree = "<group>"; };
		CAB04DDB21F8DD43004EEC76 /* Song.swift */ = {isa = PBXFileReference; lastKnownFileType = sourcecode.swift; path = Song.swift; sourceTree = "<group>"; };
		CAB04DDE21F8E08C004EEC76 /* Playlist.swift */ = {isa = PBXFileReference; lastKnownFileType = sourcecode.swift; path = Playlist.swift; sourceTree = "<group>"; };
		CAB04DE021F8E258004EEC76 /* SongController.swift */ = {isa = PBXFileReference; lastKnownFileType = sourcecode.swift; path = SongController.swift; sourceTree = "<group>"; };
		CAB04DE321F8E428004EEC76 /* PlaylistController.swift */ = {isa = PBXFileReference; lastKnownFileType = sourcecode.swift; path = PlaylistController.swift; sourceTree = "<group>"; };
/* End PBXFileReference section */

/* Begin PBXFrameworksBuildPhase section */
		CAB04DB721F8D2F4004EEC76 /* Frameworks */ = {
			isa = PBXFrameworksBuildPhase;
			buildActionMask = 2147483647;
			files = (
			);
			runOnlyForDeploymentPostprocessing = 0;
		};
/* End PBXFrameworksBuildPhase section */

/* Begin PBXGroup section */
		CAB04DB121F8D2F4004EEC76 = {
			isa = PBXGroup;
			children = (
				CAB04DBC21F8D2F4004EEC76 /* Playlist 2 */,
				CAB04DBB21F8D2F4004EEC76 /* Products */,
			);
			sourceTree = "<group>";
		};
		CAB04DBB21F8D2F4004EEC76 /* Products */ = {
			isa = PBXGroup;
			children = (
				CAB04DBA21F8D2F4004EEC76 /* Playlist 2.app */,
			);
			name = Products;
			sourceTree = "<group>";
		};
		CAB04DBC21F8D2F4004EEC76 /* Playlist 2 */ = {
			isa = PBXGroup;
			children = (
				CAB04DDD21F8DD51004EEC76 /* Models */,
				CAB04DD021F8D312004EEC76 /* Views */,
				CAB04DD321F8D4C1004EEC76 /* Controller */,
				CAB04DCF21F8D307004EEC76 /* Resources */,
			);
			path = "Playlist 2";
			sourceTree = "<group>";
		};
		CAB04DCF21F8D307004EEC76 /* Resources */ = {
			isa = PBXGroup;
			children = (
				CAB04DC421F8D2F6004EEC76 /* Assets.xcassets */,
				CAB04DBD21F8D2F4004EEC76 /* AppDelegate.swift */,
				CAB04DC921F8D2F6004EEC76 /* Info.plist */,
			);
			path = Resources;
			sourceTree = "<group>";
		};
		CAB04DD021F8D312004EEC76 /* Views */ = {
			isa = PBXGroup;
			children = (
				CAB04DC621F8D2F6004EEC76 /* LaunchScreen.storyboard */,
				CAB04DC121F8D2F4004EEC76 /* Main.storyboard */,
			);
			path = Views;
			sourceTree = "<group>";
		};
		CAB04DD321F8D4C1004EEC76 /* Controller */ = {
			isa = PBXGroup;
			children = (
				CAB04DE221F8E265004EEC76 /* ModelControllers */,
				CAB04DD421F8D4F5004EEC76 /* ViewControllers */,
			);
			path = Controller;
			sourceTree = "<group>";
		};
		CAB04DD421F8D4F5004EEC76 /* ViewControllers */ = {
			isa = PBXGroup;
			children = (
				CAB04DD921F8DB25004EEC76 /* SongListTableViewController.swift */,
				CAB04DD121F8D4B1004EEC76 /* PlaylistTableViewController.swift */,
			);
			path = ViewControllers;
			sourceTree = "<group>";
		};
		CAB04DDD21F8DD51004EEC76 /* Models */ = {
			isa = PBXGroup;
			children = (
				CAB04DDB21F8DD43004EEC76 /* Song.swift */,
				CAB04DDE21F8E08C004EEC76 /* Playlist.swift */,
			);
			path = Models;
			sourceTree = "<group>";
		};
		CAB04DE221F8E265004EEC76 /* ModelControllers */ = {
			isa = PBXGroup;
			children = (
				CAB04DE021F8E258004EEC76 /* SongController.swift */,
				CAB04DE321F8E428004EEC76 /* PlaylistController.swift */,
			);
			path = ModelControllers;
			sourceTree = "<group>";
		};
/* End PBXGroup section */

/* Begin PBXNativeTarget section */
		CAB04DB921F8D2F4004EEC76 /* Playlist 2 */ = {
			isa = PBXNativeTarget;
			buildConfigurationList = CAB04DCC21F8D2F6004EEC76 /* Build configuration list for PBXNativeTarget "Playlist 2" */;
			buildPhases = (
				CAB04DB621F8D2F4004EEC76 /* Sources */,
				CAB04DB721F8D2F4004EEC76 /* Frameworks */,
				CAB04DB821F8D2F4004EEC76 /* Resources */,
			);
			buildRules = (
			);
			dependencies = (
			);
			name = "Playlist 2";
			productName = "Playlist 2";
			productReference = CAB04DBA21F8D2F4004EEC76 /* Playlist 2.app */;
			productType = "com.apple.product-type.application";
		};
/* End PBXNativeTarget section */

/* Begin PBXProject section */
		CAB04DB221F8D2F4004EEC76 /* Project object */ = {
			isa = PBXProject;
			attributes = {
				LastSwiftUpdateCheck = 1010;
				LastUpgradeCheck = 1010;
				ORGANIZATIONNAME = "ya boy E";
				TargetAttributes = {
					CAB04DB921F8D2F4004EEC76 = {
						CreatedOnToolsVersion = 10.1;
					};
				};
			};
			buildConfigurationList = CAB04DB521F8D2F4004EEC76 /* Build configuration list for PBXProject "Playlist 2" */;
			compatibilityVersion = "Xcode 9.3";
			developmentRegion = en;
			hasScannedForEncodings = 0;
			knownRegions = (
				en,
				Base,
			);
			mainGroup = CAB04DB121F8D2F4004EEC76;
			productRefGroup = CAB04DBB21F8D2F4004EEC76 /* Products */;
			projectDirPath = "";
			projectRoot = "";
			targets = (
				CAB04DB921F8D2F4004EEC76 /* Playlist 2 */,
			);
		};
/* End PBXProject section */

/* Begin PBXResourcesBuildPhase section */
		CAB04DB821F8D2F4004EEC76 /* Resources */ = {
			isa = PBXResourcesBuildPhase;
			buildActionMask = 2147483647;
			files = (
				CAB04DC821F8D2F6004EEC76 /* LaunchScreen.storyboard in Resources */,
				CAB04DC521F8D2F6004EEC76 /* Assets.xcassets in Resources */,
				CAB04DC321F8D2F4004EEC76 /* Main.storyboard in Resources */,
			);
			runOnlyForDeploymentPostprocessing = 0;
		};
/* End PBXResourcesBuildPhase section */

/* Begin PBXSourcesBuildPhase section */
		CAB04DB621F8D2F4004EEC76 /* Sources */ = {
			isa = PBXSourcesBuildPhase;
			buildActionMask = 2147483647;
			files = (
				CAB04DE121F8E258004EEC76 /* SongController.swift in Sources */,
				CAB04DDC21F8DD43004EEC76 /* Song.swift in Sources */,
				CAB04DDA21F8DB25004EEC76 /* SongListTableViewController.swift in Sources */,
				CAB04DBE21F8D2F4004EEC76 /* AppDelegate.swift in Sources */,
				CAB04DD221F8D4B1004EEC76 /* PlaylistTableViewController.swift in Sources */,
				CAB04DDF21F8E08C004EEC76 /* Playlist.swift in Sources */,
				CAB04DE421F8E428004EEC76 /* PlaylistController.swift in Sources */,
			);
			runOnlyForDeploymentPostprocessing = 0;
		};
/* End PBXSourcesBuildPhase section */

/* Begin PBXVariantGroup section */
		CAB04DC121F8D2F4004EEC76 /* Main.storyboard */ = {
			isa = PBXVariantGroup;
			children = (
				CAB04DC221F8D2F4004EEC76 /* Base */,
			);
			name = Main.storyboard;
			sourceTree = "<group>";
		};
		CAB04DC621F8D2F6004EEC76 /* LaunchScreen.storyboard */ = {
			isa = PBXVariantGroup;
			children = (
				CAB04DC721F8D2F6004EEC76 /* Base */,
			);
			name = LaunchScreen.storyboard;
			sourceTree = "<group>";
		};
/* End PBXVariantGroup section */

/* Begin XCBuildConfiguration section */
		CAB04DCA21F8D2F6004EEC76 /* Debug */ = {
			isa = XCBuildConfiguration;
			buildSettings = {
				ALWAYS_SEARCH_USER_PATHS = NO;
				CLANG_ANALYZER_NONNULL = YES;
				CLANG_ANALYZER_NUMBER_OBJECT_CONVERSION = YES_AGGRESSIVE;
				CLANG_CXX_LANGUAGE_STANDARD = "gnu++14";
				CLANG_CXX_LIBRARY = "libc++";
				CLANG_ENABLE_MODULES = YES;
				CLANG_ENABLE_OBJC_ARC = YES;
				CLANG_ENABLE_OBJC_WEAK = YES;
				CLANG_WARN_BLOCK_CAPTURE_AUTORELEASING = YES;
				CLANG_WARN_BOOL_CONVERSION = YES;
				CLANG_WARN_COMMA = YES;
				CLANG_WARN_CONSTANT_CONVERSION = YES;
				CLANG_WARN_DEPRECATED_OBJC_IMPLEMENTATIONS = YES;
				CLANG_WARN_DIRECT_OBJC_ISA_USAGE = YES_ERROR;
				CLANG_WARN_DOCUMENTATION_COMMENTS = YES;
				CLANG_WARN_EMPTY_BODY = YES;
				CLANG_WARN_ENUM_CONVERSION = YES;
				CLANG_WARN_INFINITE_RECURSION = YES;
				CLANG_WARN_INT_CONVERSION = YES;
				CLANG_WARN_NON_LITERAL_NULL_CONVERSION = YES;
				CLANG_WARN_OBJC_IMPLICIT_RETAIN_SELF = YES;
				CLANG_WARN_OBJC_LITERAL_CONVERSION = YES;
				CLANG_WARN_OBJC_ROOT_CLASS = YES_ERROR;
				CLANG_WARN_RANGE_LOOP_ANALYSIS = YES;
				CLANG_WARN_STRICT_PROTOTYPES = YES;
				CLANG_WARN_SUSPICIOUS_MOVE = YES;
				CLANG_WARN_UNGUARDED_AVAILABILITY = YES_AGGRESSIVE;
				CLANG_WARN_UNREACHABLE_CODE = YES;
				CLANG_WARN__DUPLICATE_METHOD_MATCH = YES;
				CODE_SIGN_IDENTITY = "iPhone Developer";
				COPY_PHASE_STRIP = NO;
				DEBUG_INFORMATION_FORMAT = dwarf;
				ENABLE_STRICT_OBJC_MSGSEND = YES;
				ENABLE_TESTABILITY = YES;
				GCC_C_LANGUAGE_STANDARD = gnu11;
				GCC_DYNAMIC_NO_PIC = NO;
				GCC_NO_COMMON_BLOCKS = YES;
				GCC_OPTIMIZATION_LEVEL = 0;
				GCC_PREPROCESSOR_DEFINITIONS = (
					"DEBUG=1",
					"$(inherited)",
				);
				GCC_WARN_64_TO_32_BIT_CONVERSION = YES;
				GCC_WARN_ABOUT_RETURN_TYPE = YES_ERROR;
				GCC_WARN_UNDECLARED_SELECTOR = YES;
				GCC_WARN_UNINITIALIZED_AUTOS = YES_AGGRESSIVE;
				GCC_WARN_UNUSED_FUNCTION = YES;
				GCC_WARN_UNUSED_VARIABLE = YES;
				IPHONEOS_DEPLOYMENT_TARGET = 12.1;
				MTL_ENABLE_DEBUG_INFO = INCLUDE_SOURCE;
				MTL_FAST_MATH = YES;
				ONLY_ACTIVE_ARCH = YES;
				SDKROOT = iphoneos;
				SWIFT_ACTIVE_COMPILATION_CONDITIONS = DEBUG;
				SWIFT_OPTIMIZATION_LEVEL = "-Onone";
			};
			name = Debug;
		};
		CAB04DCB21F8D2F6004EEC76 /* Release */ = {
			isa = XCBuildConfiguration;
			buildSettings = {
				ALWAYS_SEARCH_USER_PATHS = NO;
				CLANG_ANALYZER_NONNULL = YES;
				CLANG_ANALYZER_NUMBER_OBJECT_CONVERSION = YES_AGGRESSIVE;
				CLANG_CXX_LANGUAGE_STANDARD = "gnu++14";
				CLANG_CXX_LIBRARY = "libc++";
				CLANG_ENABLE_MODULES = YES;
				CLANG_ENABLE_OBJC_ARC = YES;
				CLANG_ENABLE_OBJC_WEAK = YES;
				CLANG_WARN_BLOCK_CAPTURE_AUTORELEASING = YES;
				CLANG_WARN_BOOL_CONVERSION = YES;
				CLANG_WARN_COMMA = YES;
				CLANG_WARN_CONSTANT_CONVERSION = YES;
				CLANG_WARN_DEPRECATED_OBJC_IMPLEMENTATIONS = YES;
				CLANG_WARN_DIRECT_OBJC_ISA_USAGE = YES_ERROR;
				CLANG_WARN_DOCUMENTATION_COMMENTS = YES;
				CLANG_WARN_EMPTY_BODY = YES;
				CLANG_WARN_ENUM_CONVERSION = YES;
				CLANG_WARN_INFINITE_RECURSION = YES;
				CLANG_WARN_INT_CONVERSION = YES;
				CLANG_WARN_NON_LITERAL_NULL_CONVERSION = YES;
				CLANG_WARN_OBJC_IMPLICIT_RETAIN_SELF = YES;
				CLANG_WARN_OBJC_LITERAL_CONVERSION = YES;
				CLANG_WARN_OBJC_ROOT_CLASS = YES_ERROR;
				CLANG_WARN_RANGE_LOOP_ANALYSIS = YES;
				CLANG_WARN_STRICT_PROTOTYPES = YES;
				CLANG_WARN_SUSPICIOUS_MOVE = YES;
				CLANG_WARN_UNGUARDED_AVAILABILITY = YES_AGGRESSIVE;
				CLANG_WARN_UNREACHABLE_CODE = YES;
				CLANG_WARN__DUPLICATE_METHOD_MATCH = YES;
				CODE_SIGN_IDENTITY = "iPhone Developer";
				COPY_PHASE_STRIP = NO;
				DEBUG_INFORMATION_FORMAT = "dwarf-with-dsym";
				ENABLE_NS_ASSERTIONS = NO;
				ENABLE_STRICT_OBJC_MSGSEND = YES;
				GCC_C_LANGUAGE_STANDARD = gnu11;
				GCC_NO_COMMON_BLOCKS = YES;
				GCC_WARN_64_TO_32_BIT_CONVERSION = YES;
				GCC_WARN_ABOUT_RETURN_TYPE = YES_ERROR;
				GCC_WARN_UNDECLARED_SELECTOR = YES;
				GCC_WARN_UNINITIALIZED_AUTOS = YES_AGGRESSIVE;
				GCC_WARN_UNUSED_FUNCTION = YES;
				GCC_WARN_UNUSED_VARIABLE = YES;
				IPHONEOS_DEPLOYMENT_TARGET = 12.1;
				MTL_ENABLE_DEBUG_INFO = NO;
				MTL_FAST_MATH = YES;
				SDKROOT = iphoneos;
				SWIFT_COMPILATION_MODE = wholemodule;
				SWIFT_OPTIMIZATION_LEVEL = "-O";
				VALIDATE_PRODUCT = YES;
			};
			name = Release;
		};
		CAB04DCD21F8D2F6004EEC76 /* Debug */ = {
			isa = XCBuildConfiguration;
			buildSettings = {
				ASSETCATALOG_COMPILER_APPICON_NAME = AppIcon;
				CODE_SIGN_STYLE = Automatic;
				DEVELOPMENT_TEAM = J8Z88H6B28;
				INFOPLIST_FILE = "$(SRCROOT)/Playlist 2/Resources/Info.plist";
				LD_RUNPATH_SEARCH_PATHS = (
					"$(inherited)",
					"@executable_path/Frameworks",
				);
				PRODUCT_BUNDLE_IDENTIFIER = "com.ethansapps.Playlist-2";
				PRODUCT_NAME = "$(TARGET_NAME)";
				SWIFT_VERSION = 4.2;
				TARGETED_DEVICE_FAMILY = "1,2";
			};
			name = Debug;
		};
		CAB04DCE21F8D2F6004EEC76 /* Release */ = {
			isa = XCBuildConfiguration;
			buildSettings = {
				ASSETCATALOG_COMPILER_APPICON_NAME = AppIcon;
				CODE_SIGN_STYLE = Automatic;
				DEVELOPMENT_TEAM = J8Z88H6B28;
				INFOPLIST_FILE = "$(SRCROOT)/Playlist 2/Resources/Info.plist";
				LD_RUNPATH_SEARCH_PATHS = (
					"$(inherited)",
					"@executable_path/Frameworks",
				);
				PRODUCT_BUNDLE_IDENTIFIER = "com.ethansapps.Playlist-2";
				PRODUCT_NAME = "$(TARGET_NAME)";
				SWIFT_VERSION = 4.2;
				TARGETED_DEVICE_FAMILY = "1,2";
			};
			name = Release;
		};
/* End XCBuildConfiguration section */

/* Begin XCConfigurationList section */
		CAB04DB521F8D2F4004EEC76 /* Build configuration list for PBXProject "Playlist 2" */ = {
			isa = XCConfigurationList;
			buildConfigurations = (
				CAB04DCA21F8D2F6004EEC76 /* Debug */,
				CAB04DCB21F8D2F6004EEC76 /* Release */,
			);
			defaultConfigurationIsVisible = 0;
			defaultConfigurationName = Release;
		};
		CAB04DCC21F8D2F6004EEC76 /* Build configuration list for PBXNativeTarget "Playlist 2" */ = {
			isa = XCConfigurationList;
			buildConfigurations = (
				CAB04DCD21F8D2F6004EEC76 /* Debug */,
				CAB04DCE21F8D2F6004EEC76 /* Release */,
			);
			defaultConfigurationIsVisible = 0;
			defaultConfigurationName = Release;
		};
/* End XCConfigurationList section */
	};
	rootObject = CAB04DB221F8D2F4004EEC76 /* Project object */;
}
