// !$*UTF8*$!
{
	archiveVersion = 1;
	classes = {
	};
	objectVersion = 50;
	objects = {

/* Begin PBXBuildFile section */
		CA36C5E52200BC6B0055A530 /* AppDelegate.swift in Sources */ = {isa = PBXBuildFile; fileRef = CA36C5E42200BC6B0055A530 /* AppDelegate.swift */; };
		CA36C5E72200BC6B0055A530 /* ViewController.swift in Sources */ = {isa = PBXBuildFile; fileRef = CA36C5E62200BC6B0055A530 /* ViewController.swift */; };
		CA36C5EA2200BC6B0055A530 /* Main.storyboard in Resources */ = {isa = PBXBuildFile; fileRef = CA36C5E82200BC6B0055A530 /* Main.storyboard */; };
		CA36C5EC2200BC6C0055A530 /* Assets.xcassets in Resources */ = {isa = PBXBuildFile; fileRef = CA36C5EB2200BC6C0055A530 /* Assets.xcassets */; };
		CA36C5EF2200BC6C0055A530 /* LaunchScreen.storyboard in Resources */ = {isa = PBXBuildFile; fileRef = CA36C5ED2200BC6C0055A530 /* LaunchScreen.storyboard */; };
		CA36C5FA2200C06D0055A530 /* MyTimer.swift in Sources */ = {isa = PBXBuildFile; fileRef = CA36C5F92200C06D0055A530 /* MyTimer.swift */; };
/* End PBXBuildFile section */

/* Begin PBXFileReference section */
		CA36C5E12200BC6B0055A530 /* PowerNapTimer.app */ = {isa = PBXFileReference; explicitFileType = wrapper.application; includeInIndex = 0; path = PowerNapTimer.app; sourceTree = BUILT_PRODUCTS_DIR; };
		CA36C5E42200BC6B0055A530 /* AppDelegate.swift */ = {isa = PBXFileReference; lastKnownFileType = sourcecode.swift; path = AppDelegate.swift; sourceTree = "<group>"; };
		CA36C5E62200BC6B0055A530 /* ViewController.swift */ = {isa = PBXFileReference; lastKnownFileType = sourcecode.swift; path = ViewController.swift; sourceTree = "<group>"; };
		CA36C5E92200BC6B0055A530 /* Base */ = {isa = PBXFileReference; lastKnownFileType = file.storyboard; name = Base; path = Base.lproj/Main.storyboard; sourceTree = "<group>"; };
		CA36C5EB2200BC6C0055A530 /* Assets.xcassets */ = {isa = PBXFileReference; lastKnownFileType = folder.assetcatalog; path = Assets.xcassets; sourceTree = "<group>"; };
		CA36C5EE2200BC6C0055A530 /* Base */ = {isa = PBXFileReference; lastKnownFileType = file.storyboard; name = Base; path = Base.lproj/LaunchScreen.storyboard; sourceTree = "<group>"; };
		CA36C5F02200BC6C0055A530 /* Info.plist */ = {isa = PBXFileReference; lastKnownFileType = text.plist.xml; path = Info.plist; sourceTree = "<group>"; };
		CA36C5F92200C06D0055A530 /* MyTimer.swift */ = {isa = PBXFileReference; lastKnownFileType = sourcecode.swift; path = MyTimer.swift; sourceTree = "<group>"; };
/* End PBXFileReference section */

/* Begin PBXFrameworksBuildPhase section */
		CA36C5DE2200BC6B0055A530 /* Frameworks */ = {
			isa = PBXFrameworksBuildPhase;
			buildActionMask = 2147483647;
			files = (
			);
			runOnlyForDeploymentPostprocessing = 0;
		};
/* End PBXFrameworksBuildPhase section */

/* Begin PBXGroup section */
		CA36C5D82200BC6B0055A530 = {
			isa = PBXGroup;
			children = (
				CA36C5E32200BC6B0055A530 /* PowerNapTimer */,
				CA36C5E22200BC6B0055A530 /* Products */,
			);
			sourceTree = "<group>";
		};
		CA36C5E22200BC6B0055A530 /* Products */ = {
			isa = PBXGroup;
			children = (
				CA36C5E12200BC6B0055A530 /* PowerNapTimer.app */,
			);
			name = Products;
			sourceTree = "<group>";
		};
		CA36C5E32200BC6B0055A530 /* PowerNapTimer */ = {
			isa = PBXGroup;
			children = (
				CA36C5F92200C06D0055A530 /* MyTimer.swift */,
				CA36C5F62200BC7A0055A530 /* Resources */,
				CA36C5F72200BC850055A530 /* Views */,
				CA36C5F82200BC910055A530 /* Controllers */,
			);
			path = PowerNapTimer;
			sourceTree = "<group>";
		};
		CA36C5F62200BC7A0055A530 /* Resources */ = {
			isa = PBXGroup;
			children = (
				CA36C5E42200BC6B0055A530 /* AppDelegate.swift */,
				CA36C5EB2200BC6C0055A530 /* Assets.xcassets */,
				CA36C5ED2200BC6C0055A530 /* LaunchScreen.storyboard */,
				CA36C5F02200BC6C0055A530 /* Info.plist */,
			);
			path = Resources;
			sourceTree = "<group>";
		};
		CA36C5F72200BC850055A530 /* Views */ = {
			isa = PBXGroup;
			children = (
				CA36C5E82200BC6B0055A530 /* Main.storyboard */,
			);
			path = Views;
			sourceTree = "<group>";
		};
		CA36C5F82200BC910055A530 /* Controllers */ = {
			isa = PBXGroup;
			children = (
				CA36C5E62200BC6B0055A530 /* ViewController.swift */,
			);
			path = Controllers;
			sourceTree = "<group>";
		};
/* End PBXGroup section */

/* Begin PBXNativeTarget section */
		CA36C5E02200BC6B0055A530 /* PowerNapTimer */ = {
			isa = PBXNativeTarget;
			buildConfigurationList = CA36C5F32200BC6C0055A530 /* Build configuration list for PBXNativeTarget "PowerNapTimer" */;
			buildPhases = (
				CA36C5DD2200BC6B0055A530 /* Sources */,
				CA36C5DE2200BC6B0055A530 /* Frameworks */,
				CA36C5DF2200BC6B0055A530 /* Resources */,
			);
			buildRules = (
			);
			dependencies = (
			);
			name = PowerNapTimer;
			productName = PowerNapTimer;
			productReference = CA36C5E12200BC6B0055A530 /* PowerNapTimer.app */;
			productType = "com.apple.product-type.application";
		};
/* End PBXNativeTarget section */

/* Begin PBXProject section */
		CA36C5D92200BC6B0055A530 /* Project object */ = {
			isa = PBXProject;
			attributes = {
				LastSwiftUpdateCheck = 1010;
				LastUpgradeCheck = 1010;
				ORGANIZATIONNAME = "ya boy E";
				TargetAttributes = {
					CA36C5E02200BC6B0055A530 = {
						CreatedOnToolsVersion = 10.1;
					};
				};
			};
			buildConfigurationList = CA36C5DC2200BC6B0055A530 /* Build configuration list for PBXProject "PowerNapTimer" */;
			compatibilityVersion = "Xcode 9.3";
			developmentRegion = en;
			hasScannedForEncodings = 0;
			knownRegions = (
				en,
				Base,
			);
			mainGroup = CA36C5D82200BC6B0055A530;
			productRefGroup = CA36C5E22200BC6B0055A530 /* Products */;
			projectDirPath = "";
			projectRoot = "";
			targets = (
				CA36C5E02200BC6B0055A530 /* PowerNapTimer */,
			);
		};
/* End PBXProject section */

/* Begin PBXResourcesBuildPhase section */
		CA36C5DF2200BC6B0055A530 /* Resources */ = {
			isa = PBXResourcesBuildPhase;
			buildActionMask = 2147483647;
			files = (
				CA36C5EF2200BC6C0055A530 /* LaunchScreen.storyboard in Resources */,
				CA36C5EC2200BC6C0055A530 /* Assets.xcassets in Resources */,
				CA36C5EA2200BC6B0055A530 /* Main.storyboard in Resources */,
			);
			runOnlyForDeploymentPostprocessing = 0;
		};
/* End PBXResourcesBuildPhase section */

/* Begin PBXSourcesBuildPhase section */
		CA36C5DD2200BC6B0055A530 /* Sources */ = {
			isa = PBXSourcesBuildPhase;
			buildActionMask = 2147483647;
			files = (
				CA36C5E72200BC6B0055A530 /* ViewController.swift in Sources */,
				CA36C5FA2200C06D0055A530 /* MyTimer.swift in Sources */,
				CA36C5E52200BC6B0055A530 /* AppDelegate.swift in Sources */,
			);
			runOnlyForDeploymentPostprocessing = 0;
		};
/* End PBXSourcesBuildPhase section */

/* Begin PBXVariantGroup section */
		CA36C5E82200BC6B0055A530 /* Main.storyboard */ = {
			isa = PBXVariantGroup;
			children = (
				CA36C5E92200BC6B0055A530 /* Base */,
			);
			name = Main.storyboard;
			sourceTree = "<group>";
		};
		CA36C5ED2200BC6C0055A530 /* LaunchScreen.storyboard */ = {
			isa = PBXVariantGroup;
			children = (
				CA36C5EE2200BC6C0055A530 /* Base */,
			);
			name = LaunchScreen.storyboard;
			sourceTree = "<group>";
		};
/* End PBXVariantGroup section */

/* Begin XCBuildConfiguration section */
		CA36C5F12200BC6C0055A530 /* Debug */ = {
			isa = XCBuildConfiguration;
			buildSettings = {
				ALWAYS_SEARCH_USER_PATHS = NO;
				CLANG_ANALYZER_NONNULL = YES;
				CLANG_ANALYZER_NUMBER_OBJECT_CONVERSION = YES_AGGRESSIVE;
				CLANG_CXX_LANGUAGE_STANDARD = "gnu++14";
				CLANG_CXX_LIBRARY = "libc++";
				CLANG_ENABLE_MODULES = YES;
				CLANG_ENABLE_OBJC_ARC = YES;
				CLANG_ENABLE_OBJC_WEAK = YES;
				CLANG_WARN_BLOCK_CAPTURE_AUTORELEASING = YES;
				CLANG_WARN_BOOL_CONVERSION = YES;
				CLANG_WARN_COMMA = YES;
				CLANG_WARN_CONSTANT_CONVERSION = YES;
				CLANG_WARN_DEPRECATED_OBJC_IMPLEMENTATIONS = YES;
				CLANG_WARN_DIRECT_OBJC_ISA_USAGE = YES_ERROR;
				CLANG_WARN_DOCUMENTATION_COMMENTS = YES;
				CLANG_WARN_EMPTY_BODY = YES;
				CLANG_WARN_ENUM_CONVERSION = YES;
				CLANG_WARN_INFINITE_RECURSION = YES;
				CLANG_WARN_INT_CONVERSION = YES;
				CLANG_WARN_NON_LITERAL_NULL_CONVERSION = YES;
				CLANG_WARN_OBJC_IMPLICIT_RETAIN_SELF = YES;
				CLANG_WARN_OBJC_LITERAL_CONVERSION = YES;
				CLANG_WARN_OBJC_ROOT_CLASS = YES_ERROR;
				CLANG_WARN_RANGE_LOOP_ANALYSIS = YES;
				CLANG_WARN_STRICT_PROTOTYPES = YES;
				CLANG_WARN_SUSPICIOUS_MOVE = YES;
				CLANG_WARN_UNGUARDED_AVAILABILITY = YES_AGGRESSIVE;
				CLANG_WARN_UNREACHABLE_CODE = YES;
				CLANG_WARN__DUPLICATE_METHOD_MATCH = YES;
				CODE_SIGN_IDENTITY = "iPhone Developer";
				COPY_PHASE_STRIP = NO;
				DEBUG_INFORMATION_FORMAT = dwarf;
				ENABLE_STRICT_OBJC_MSGSEND = YES;
				ENABLE_TESTABILITY = YES;
				GCC_C_LANGUAGE_STANDARD = gnu11;
				GCC_DYNAMIC_NO_PIC = NO;
				GCC_NO_COMMON_BLOCKS = YES;
				GCC_OPTIMIZATION_LEVEL = 0;
				GCC_PREPROCESSOR_DEFINITIONS = (
					"DEBUG=1",
					"$(inherited)",
				);
				GCC_WARN_64_TO_32_BIT_CONVERSION = YES;
				GCC_WARN_ABOUT_RETURN_TYPE = YES_ERROR;
				GCC_WARN_UNDECLARED_SELECTOR = YES;
				GCC_WARN_UNINITIALIZED_AUTOS = YES_AGGRESSIVE;
				GCC_WARN_UNUSED_FUNCTION = YES;
				GCC_WARN_UNUSED_VARIABLE = YES;
				IPHONEOS_DEPLOYMENT_TARGET = 12.1;
				MTL_ENABLE_DEBUG_INFO = INCLUDE_SOURCE;
				MTL_FAST_MATH = YES;
				ONLY_ACTIVE_ARCH = YES;
				SDKROOT = iphoneos;
				SWIFT_ACTIVE_COMPILATION_CONDITIONS = DEBUG;
				SWIFT_OPTIMIZATION_LEVEL = "-Onone";
			};
			name = Debug;
		};
		CA36C5F22200BC6C0055A530 /* Release */ = {
			isa = XCBuildConfiguration;
			buildSettings = {
				ALWAYS_SEARCH_USER_PATHS = NO;
				CLANG_ANALYZER_NONNULL = YES;
				CLANG_ANALYZER_NUMBER_OBJECT_CONVERSION = YES_AGGRESSIVE;
				CLANG_CXX_LANGUAGE_STANDARD = "gnu++14";
				CLANG_CXX_LIBRARY = "libc++";
				CLANG_ENABLE_MODULES = YES;
				CLANG_ENABLE_OBJC_ARC = YES;
				CLANG_ENABLE_OBJC_WEAK = YES;
				CLANG_WARN_BLOCK_CAPTURE_AUTORELEASING = YES;
				CLANG_WARN_BOOL_CONVERSION = YES;
				CLANG_WARN_COMMA = YES;
				CLANG_WARN_CONSTANT_CONVERSION = YES;
				CLANG_WARN_DEPRECATED_OBJC_IMPLEMENTATIONS = YES;
				CLANG_WARN_DIRECT_OBJC_ISA_USAGE = YES_ERROR;
				CLANG_WARN_DOCUMENTATION_COMMENTS = YES;
				CLANG_WARN_EMPTY_BODY = YES;
				CLANG_WARN_ENUM_CONVERSION = YES;
				CLANG_WARN_INFINITE_RECURSION = YES;
				CLANG_WARN_INT_CONVERSION = YES;
				CLANG_WARN_NON_LITERAL_NULL_CONVERSION = YES;
				CLANG_WARN_OBJC_IMPLICIT_RETAIN_SELF = YES;
				CLANG_WARN_OBJC_LITERAL_CONVERSION = YES;
				CLANG_WARN_OBJC_ROOT_CLASS = YES_ERROR;
				CLANG_WARN_RANGE_LOOP_ANALYSIS = YES;
				CLANG_WARN_STRICT_PROTOTYPES = YES;
				CLANG_WARN_SUSPICIOUS_MOVE = YES;
				CLANG_WARN_UNGUARDED_AVAILABILITY = YES_AGGRESSIVE;
				CLANG_WARN_UNREACHABLE_CODE = YES;
				CLANG_WARN__DUPLICATE_METHOD_MATCH = YES;
				CODE_SIGN_IDENTITY = "iPhone Developer";
				COPY_PHASE_STRIP = NO;
				DEBUG_INFORMATION_FORMAT = "dwarf-with-dsym";
				ENABLE_NS_ASSERTIONS = NO;
				ENABLE_STRICT_OBJC_MSGSEND = YES;
				GCC_C_LANGUAGE_STANDARD = gnu11;
				GCC_NO_COMMON_BLOCKS = YES;
				GCC_WARN_64_TO_32_BIT_CONVERSION = YES;
				GCC_WARN_ABOUT_RETURN_TYPE = YES_ERROR;
				GCC_WARN_UNDECLARED_SELECTOR = YES;
				GCC_WARN_UNINITIALIZED_AUTOS = YES_AGGRESSIVE;
				GCC_WARN_UNUSED_FUNCTION = YES;
				GCC_WARN_UNUSED_VARIABLE = YES;
				IPHONEOS_DEPLOYMENT_TARGET = 12.1;
				MTL_ENABLE_DEBUG_INFO = NO;
				MTL_FAST_MATH = YES;
				SDKROOT = iphoneos;
				SWIFT_COMPILATION_MODE = wholemodule;
				SWIFT_OPTIMIZATION_LEVEL = "-O";
				VALIDATE_PRODUCT = YES;
			};
			name = Release;
		};
		CA36C5F42200BC6C0055A530 /* Debug */ = {
			isa = XCBuildConfiguration;
			buildSettings = {
				ASSETCATALOG_COMPILER_APPICON_NAME = AppIcon;
				CODE_SIGN_STYLE = Automatic;
				DEVELOPMENT_TEAM = J8Z88H6B28;
				INFOPLIST_FILE = "$(SRCROOT)/PowerNapTimer/Resources/Info.plist";
				LD_RUNPATH_SEARCH_PATHS = (
					"$(inherited)",
					"@executable_path/Frameworks",
				);
				PRODUCT_BUNDLE_IDENTIFIER = com.ethansapps.PowerNapTimer;
				PRODUCT_NAME = "$(TARGET_NAME)";
				SWIFT_VERSION = 4.2;
				TARGETED_DEVICE_FAMILY = "1,2";
			};
			name = Debug;
		};
		CA36C5F52200BC6C0055A530 /* Release */ = {
			isa = XCBuildConfiguration;
			buildSettings = {
				ASSETCATALOG_COMPILER_APPICON_NAME = AppIcon;
				CODE_SIGN_STYLE = Automatic;
				DEVELOPMENT_TEAM = J8Z88H6B28;
				INFOPLIST_FILE = "$(SRCROOT)/PowerNapTimer/Resources/Info.plist";
				LD_RUNPATH_SEARCH_PATHS = (
					"$(inherited)",
					"@executable_path/Frameworks",
				);
				PRODUCT_BUNDLE_IDENTIFIER = com.ethansapps.PowerNapTimer;
				PRODUCT_NAME = "$(TARGET_NAME)";
				SWIFT_VERSION = 4.2;
				TARGETED_DEVICE_FAMILY = "1,2";
			};
			name = Release;
		};
/* End XCBuildConfiguration section */

/* Begin XCConfigurationList section */
		CA36C5DC2200BC6B0055A530 /* Build configuration list for PBXProject "PowerNapTimer" */ = {
			isa = XCConfigurationList;
			buildConfigurations = (
				CA36C5F12200BC6C0055A530 /* Debug */,
				CA36C5F22200BC6C0055A530 /* Release */,
			);
			defaultConfigurationIsVisible = 0;
			defaultConfigurationName = Release;
		};
		CA36C5F32200BC6C0055A530 /* Build configuration list for PBXNativeTarget "PowerNapTimer" */ = {
			isa = XCConfigurationList;
			buildConfigurations = (
				CA36C5F42200BC6C0055A530 /* Debug */,
				CA36C5F52200BC6C0055A530 /* Release */,
			);
			defaultConfigurationIsVisible = 0;
			defaultConfigurationName = Release;
		};
/* End XCConfigurationList section */
	};
	rootObject = CA36C5D92200BC6B0055A530 /* Project object */;
}
